// !$*UTF8*$!
{
	archiveVersion = 1;
	classes = {
	};
	objectVersion = 46;
	objects = {

/* Begin PBXBuildFile section */
		85C1F7DB1021013577871301 /* Pods_LXLive.framework in Frameworks */ = {isa = PBXBuildFile; fileRef = CFC2FAF95F5AFBE694712AE7 /* Pods_LXLive.framework */; };
		C13E8CE81E4216B400CDC9CC /* PageContentView.swift in Sources */ = {isa = PBXBuildFile; fileRef = C13E8CE71E4216B400CDC9CC /* PageContentView.swift */; };
		C13E8CEA1E441FE700CDC9CC /* RecommendViewController.swift in Sources */ = {isa = PBXBuildFile; fileRef = C13E8CE91E441FE700CDC9CC /* RecommendViewController.swift */; };
		C16ED0151E48BC8400663CDD /* RecommendViewModel.swift in Sources */ = {isa = PBXBuildFile; fileRef = C16ED0141E48BC8400663CDD /* RecommendViewModel.swift */; };
		C16ED0171E48BCCA00663CDD /* NSDate-Extension.swift in Sources */ = {isa = PBXBuildFile; fileRef = C16ED0161E48BCCA00663CDD /* NSDate-Extension.swift */; };
		C16ED0191E494B2F00663CDD /* AnchorGroup.swift in Sources */ = {isa = PBXBuildFile; fileRef = C16ED0181E494B2F00663CDD /* AnchorGroup.swift */; };
		C16ED01B1E494B3800663CDD /* AnchorModel.swift in Sources */ = {isa = PBXBuildFile; fileRef = C16ED01A1E494B3800663CDD /* AnchorModel.swift */; };
		C16ED01D1E4951AF00663CDD /* CollectionViewBaseCell.swift in Sources */ = {isa = PBXBuildFile; fileRef = C16ED01C1E4951AF00663CDD /* CollectionViewBaseCell.swift */; };
		C17906081E4BFAAE00102F5A /* CycleModel.swift in Sources */ = {isa = PBXBuildFile; fileRef = C17906071E4BFAAE00102F5A /* CycleModel.swift */; };
		C179060D1E4BFBEE00102F5A /* RecommendCycleView.swift in Sources */ = {isa = PBXBuildFile; fileRef = C17906091E4BFBEE00102F5A /* RecommendCycleView.swift */; };
		C179060E1E4BFBEE00102F5A /* RecommendCycleView.xib in Resources */ = {isa = PBXBuildFile; fileRef = C179060A1E4BFBEE00102F5A /* RecommendCycleView.xib */; };
		C179060F1E4BFBEE00102F5A /* CollectionCycleCell.swift in Sources */ = {isa = PBXBuildFile; fileRef = C179060B1E4BFBEE00102F5A /* CollectionCycleCell.swift */; };
		C17906101E4BFBEE00102F5A /* CollectionCycleCell.xib in Resources */ = {isa = PBXBuildFile; fileRef = C179060C1E4BFBEE00102F5A /* CollectionCycleCell.xib */; };
		C179079F1E4CC31300102F5A /* RecommendGameView.swift in Sources */ = {isa = PBXBuildFile; fileRef = C179079B1E4CC31300102F5A /* RecommendGameView.swift */; };
		C17907A01E4CC31300102F5A /* RecommendGameView.xib in Resources */ = {isa = PBXBuildFile; fileRef = C179079C1E4CC31300102F5A /* RecommendGameView.xib */; };
		C17907A11E4CC31300102F5A /* CollectionGameCell.swift in Sources */ = {isa = PBXBuildFile; fileRef = C179079D1E4CC31300102F5A /* CollectionGameCell.swift */; };
		C17907A21E4CC31300102F5A /* CollectionGameCell.xib in Resources */ = {isa = PBXBuildFile; fileRef = C179079E1E4CC31300102F5A /* CollectionGameCell.xib */; };
		C184C5281E477DEC00AD8FFD /* CollectionHeaderView.swift in Sources */ = {isa = PBXBuildFile; fileRef = C184C5261E477DEC00AD8FFD /* CollectionHeaderView.swift */; };
		C184C5291E477DEC00AD8FFD /* CollectionHeaderView.xib in Resources */ = {isa = PBXBuildFile; fileRef = C184C5271E477DEC00AD8FFD /* CollectionHeaderView.xib */; };
		C184C52E1E477FFB00AD8FFD /* CollectionNormalCell.swift in Sources */ = {isa = PBXBuildFile; fileRef = C184C52A1E477FFB00AD8FFD /* CollectionNormalCell.swift */; };
		C184C52F1E477FFB00AD8FFD /* CollectionNormalCell.xib in Resources */ = {isa = PBXBuildFile; fileRef = C184C52B1E477FFB00AD8FFD /* CollectionNormalCell.xib */; };
		C184C5301E477FFB00AD8FFD /* CollectionPrettyCell.swift in Sources */ = {isa = PBXBuildFile; fileRef = C184C52C1E477FFB00AD8FFD /* CollectionPrettyCell.swift */; };
		C184C5311E477FFB00AD8FFD /* CollectionPrettyCell.xib in Resources */ = {isa = PBXBuildFile; fileRef = C184C52D1E477FFB00AD8FFD /* CollectionPrettyCell.xib */; };
		C184C5331E47F7FA00AD8FFD /* NetWorkTools.swift in Sources */ = {isa = PBXBuildFile; fileRef = C184C5321E47F7FA00AD8FFD /* NetWorkTools.swift */; };
		C1991F4F1E5205C700C60DAF /* GameViewModel.swift in Sources */ = {isa = PBXBuildFile; fileRef = C1991F4E1E5205C700C60DAF /* GameViewModel.swift */; };
		C1991F511E5205F800C60DAF /* GameModel.swift in Sources */ = {isa = PBXBuildFile; fileRef = C1991F501E5205F800C60DAF /* GameModel.swift */; };
		C1991F531E52061100C60DAF /* BaseGameModel.swift in Sources */ = {isa = PBXBuildFile; fileRef = C1991F521E52061100C60DAF /* BaseGameModel.swift */; };
		C1BD07E11E4085C50036DF6D /* UIBarButtonItem-Extension.swift in Sources */ = {isa = PBXBuildFile; fileRef = C1BD07E01E4085C50036DF6D /* UIBarButtonItem-Extension.swift */; };
		C1BD07E31E4085D00036DF6D /* Common.swift in Sources */ = {isa = PBXBuildFile; fileRef = C1BD07E21E4085D00036DF6D /* Common.swift */; };
		C1BD07E51E4086F40036DF6D /* PageTitleView.swift in Sources */ = {isa = PBXBuildFile; fileRef = C1BD07E41E4086F40036DF6D /* PageTitleView.swift */; };
		C1BD07E91E408A6D0036DF6D /* UIColor-Extension.swift in Sources */ = {isa = PBXBuildFile; fileRef = C1BD07E81E408A6D0036DF6D /* UIColor-Extension.swift */; };
		C1E2720C1E2EFE7600098E9D /* AppDelegate.swift in Sources */ = {isa = PBXBuildFile; fileRef = C1E2720B1E2EFE7600098E9D /* AppDelegate.swift */; };
		C1E272131E2EFE7600098E9D /* Assets.xcassets in Resources */ = {isa = PBXBuildFile; fileRef = C1E272121E2EFE7600098E9D /* Assets.xcassets */; };
		C1E272161E2EFE7600098E9D /* LaunchScreen.storyboard in Resources */ = {isa = PBXBuildFile; fileRef = C1E272141E2EFE7600098E9D /* LaunchScreen.storyboard */; };
		C1E272261E2F17BF00098E9D /* Home.storyboard in Resources */ = {isa = PBXBuildFile; fileRef = C1E272241E2F17BF00098E9D /* Home.storyboard */; };
		C1E2722B1E2F17E600098E9D /* Follow.storyboard in Resources */ = {isa = PBXBuildFile; fileRef = C1E272291E2F17E600098E9D /* Follow.storyboard */; };
		C1E2723F1E2F5B7D00098E9D /* Live.storyboard in Resources */ = {isa = PBXBuildFile; fileRef = C1E2723C1E2F5B7D00098E9D /* Live.storyboard */; };
		C1E272441E2F5B9200098E9D /* Profile.storyboard in Resources */ = {isa = PBXBuildFile; fileRef = C1E272411E2F5B9200098E9D /* Profile.storyboard */; };
		C1E272491E2F5BAA00098E9D /* MainViewController.swift in Sources */ = {isa = PBXBuildFile; fileRef = C1E272461E2F5BAA00098E9D /* MainViewController.swift */; };
		C1E2724B1E2F5BDE00098E9D /* Main.storyboard in Resources */ = {isa = PBXBuildFile; fileRef = C1E2724A1E2F5BDE00098E9D /* Main.storyboard */; };
		C1E2724D1E2F620C00098E9D /* HomeViewController.swift in Sources */ = {isa = PBXBuildFile; fileRef = C1E2724C1E2F620C00098E9D /* HomeViewController.swift */; };
		C1F3CD191E5137A000CCD79E /* GameViewController.swift in Sources */ = {isa = PBXBuildFile; fileRef = C1F3CD181E5137A000CCD79E /* GameViewController.swift */; };
/* End PBXBuildFile section */

/* Begin PBXFileReference section */
		912D0E866048B826F596A75C /* Pods-LXLive.release.xcconfig */ = {isa = PBXFileReference; includeInIndex = 1; lastKnownFileType = text.xcconfig; name = "Pods-LXLive.release.xcconfig"; path = "Pods/Target Support Files/Pods-LXLive/Pods-LXLive.release.xcconfig"; sourceTree = "<group>"; };
		9494F4491B11DD5D363E3E8A /* Pods-LXLive.debug.xcconfig */ = {isa = PBXFileReference; includeInIndex = 1; lastKnownFileType = text.xcconfig; name = "Pods-LXLive.debug.xcconfig"; path = "Pods/Target Support Files/Pods-LXLive/Pods-LXLive.debug.xcconfig"; sourceTree = "<group>"; };
		C13E8CE71E4216B400CDC9CC /* PageContentView.swift */ = {isa = PBXFileReference; fileEncoding = 4; lastKnownFileType = sourcecode.swift; path = PageContentView.swift; sourceTree = "<group>"; };
		C13E8CE91E441FE700CDC9CC /* RecommendViewController.swift */ = {isa = PBXFileReference; fileEncoding = 4; lastKnownFileType = sourcecode.swift; path = RecommendViewController.swift; sourceTree = "<group>"; };
		C16ED0141E48BC8400663CDD /* RecommendViewModel.swift */ = {isa = PBXFileReference; fileEncoding = 4; lastKnownFileType = sourcecode.swift; path = RecommendViewModel.swift; sourceTree = "<group>"; };
		C16ED0161E48BCCA00663CDD /* NSDate-Extension.swift */ = {isa = PBXFileReference; fileEncoding = 4; lastKnownFileType = sourcecode.swift; path = "NSDate-Extension.swift"; sourceTree = "<group>"; };
		C16ED0181E494B2F00663CDD /* AnchorGroup.swift */ = {isa = PBXFileReference; fileEncoding = 4; lastKnownFileType = sourcecode.swift; path = AnchorGroup.swift; sourceTree = "<group>"; };
		C16ED01A1E494B3800663CDD /* AnchorModel.swift */ = {isa = PBXFileReference; fileEncoding = 4; lastKnownFileType = sourcecode.swift; path = AnchorModel.swift; sourceTree = "<group>"; };
		C16ED01C1E4951AF00663CDD /* CollectionViewBaseCell.swift */ = {isa = PBXFileReference; fileEncoding = 4; lastKnownFileType = sourcecode.swift; path = CollectionViewBaseCell.swift; sourceTree = "<group>"; };
		C17906071E4BFAAE00102F5A /* CycleModel.swift */ = {isa = PBXFileReference; fileEncoding = 4; lastKnownFileType = sourcecode.swift; path = CycleModel.swift; sourceTree = "<group>"; };
		C17906091E4BFBEE00102F5A /* RecommendCycleView.swift */ = {isa = PBXFileReference; fileEncoding = 4; lastKnownFileType = sourcecode.swift; path = RecommendCycleView.swift; sourceTree = "<group>"; };
		C179060A1E4BFBEE00102F5A /* RecommendCycleView.xib */ = {isa = PBXFileReference; fileEncoding = 4; lastKnownFileType = file.xib; path = RecommendCycleView.xib; sourceTree = "<group>"; };
		C179060B1E4BFBEE00102F5A /* CollectionCycleCell.swift */ = {isa = PBXFileReference; fileEncoding = 4; lastKnownFileType = sourcecode.swift; path = CollectionCycleCell.swift; sourceTree = "<group>"; };
		C179060C1E4BFBEE00102F5A /* CollectionCycleCell.xib */ = {isa = PBXFileReference; fileEncoding = 4; lastKnownFileType = file.xib; path = CollectionCycleCell.xib; sourceTree = "<group>"; };
		C179079B1E4CC31300102F5A /* RecommendGameView.swift */ = {isa = PBXFileReference; fileEncoding = 4; lastKnownFileType = sourcecode.swift; path = RecommendGameView.swift; sourceTree = "<group>"; };
		C179079C1E4CC31300102F5A /* RecommendGameView.xib */ = {isa = PBXFileReference; fileEncoding = 4; lastKnownFileType = file.xib; path = RecommendGameView.xib; sourceTree = "<group>"; };
		C179079D1E4CC31300102F5A /* CollectionGameCell.swift */ = {isa = PBXFileReference; fileEncoding = 4; lastKnownFileType = sourcecode.swift; path = CollectionGameCell.swift; sourceTree = "<group>"; };
		C179079E1E4CC31300102F5A /* CollectionGameCell.xib */ = {isa = PBXFileReference; fileEncoding = 4; lastKnownFileType = file.xib; path = CollectionGameCell.xib; sourceTree = "<group>"; };
		C184C5261E477DEC00AD8FFD /* CollectionHeaderView.swift */ = {isa = PBXFileReference; fileEncoding = 4; lastKnownFileType = sourcecode.swift; path = CollectionHeaderView.swift; sourceTree = "<group>"; };
		C184C5271E477DEC00AD8FFD /* CollectionHeaderView.xib */ = {isa = PBXFileReference; fileEncoding = 4; lastKnownFileType = file.xib; path = CollectionHeaderView.xib; sourceTree = "<group>"; };
		C184C52A1E477FFB00AD8FFD /* CollectionNormalCell.swift */ = {isa = PBXFileReference; fileEncoding = 4; lastKnownFileType = sourcecode.swift; name = CollectionNormalCell.swift; path = ../CollectionNormalCell.swift; sourceTree = "<group>"; };
		C184C52B1E477FFB00AD8FFD /* CollectionNormalCell.xib */ = {isa = PBXFileReference; fileEncoding = 4; lastKnownFileType = file.xib; name = CollectionNormalCell.xib; path = ../CollectionNormalCell.xib; sourceTree = "<group>"; };
		C184C52C1E477FFB00AD8FFD /* CollectionPrettyCell.swift */ = {isa = PBXFileReference; fileEncoding = 4; lastKnownFileType = sourcecode.swift; name = CollectionPrettyCell.swift; path = ../CollectionPrettyCell.swift; sourceTree = "<group>"; };
		C184C52D1E477FFB00AD8FFD /* CollectionPrettyCell.xib */ = {isa = PBXFileReference; fileEncoding = 4; lastKnownFileType = file.xib; name = CollectionPrettyCell.xib; path = ../CollectionPrettyCell.xib; sourceTree = "<group>"; };
		C184C5321E47F7FA00AD8FFD /* NetWorkTools.swift */ = {isa = PBXFileReference; fileEncoding = 4; lastKnownFileType = sourcecode.swift; path = NetWorkTools.swift; sourceTree = "<group>"; };
		C1991F4E1E5205C700C60DAF /* GameViewModel.swift */ = {isa = PBXFileReference; fileEncoding = 4; lastKnownFileType = sourcecode.swift; path = GameViewModel.swift; sourceTree = "<group>"; };
		C1991F501E5205F800C60DAF /* GameModel.swift */ = {isa = PBXFileReference; fileEncoding = 4; lastKnownFileType = sourcecode.swift; path = GameModel.swift; sourceTree = "<group>"; };
		C1991F521E52061100C60DAF /* BaseGameModel.swift */ = {isa = PBXFileReference; fileEncoding = 4; lastKnownFileType = sourcecode.swift; path = BaseGameModel.swift; sourceTree = "<group>"; };
		C1BD07E01E4085C50036DF6D /* UIBarButtonItem-Extension.swift */ = {isa = PBXFileReference; fileEncoding = 4; lastKnownFileType = sourcecode.swift; path = "UIBarButtonItem-Extension.swift"; sourceTree = "<group>"; };
		C1BD07E21E4085D00036DF6D /* Common.swift */ = {isa = PBXFileReference; fileEncoding = 4; lastKnownFileType = sourcecode.swift; path = Common.swift; sourceTree = "<group>"; };
		C1BD07E41E4086F40036DF6D /* PageTitleView.swift */ = {isa = PBXFileReference; fileEncoding = 4; lastKnownFileType = sourcecode.swift; path = PageTitleView.swift; sourceTree = "<group>"; };
		C1BD07E81E408A6D0036DF6D /* UIColor-Extension.swift */ = {isa = PBXFileReference; fileEncoding = 4; lastKnownFileType = sourcecode.swift; path = "UIColor-Extension.swift"; sourceTree = "<group>"; };
		C1E272081E2EFE7600098E9D /* LXLive.app */ = {isa = PBXFileReference; explicitFileType = wrapper.application; includeInIndex = 0; path = LXLive.app; sourceTree = BUILT_PRODUCTS_DIR; };
		C1E2720B1E2EFE7600098E9D /* AppDelegate.swift */ = {isa = PBXFileReference; lastKnownFileType = sourcecode.swift; path = AppDelegate.swift; sourceTree = "<group>"; };
		C1E272121E2EFE7600098E9D /* Assets.xcassets */ = {isa = PBXFileReference; lastKnownFileType = folder.assetcatalog; path = Assets.xcassets; sourceTree = "<group>"; };
		C1E272151E2EFE7600098E9D /* Base */ = {isa = PBXFileReference; lastKnownFileType = file.storyboard; name = Base; path = Base.lproj/LaunchScreen.storyboard; sourceTree = "<group>"; };
		C1E272171E2EFE7600098E9D /* Info.plist */ = {isa = PBXFileReference; lastKnownFileType = text.plist.xml; path = Info.plist; sourceTree = "<group>"; };
		C1E272251E2F17BF00098E9D /* Base */ = {isa = PBXFileReference; lastKnownFileType = file.storyboard; name = Base; path = LXLive/Base.lproj/Home.storyboard; sourceTree = SOURCE_ROOT; };
		C1E2722A1E2F17E600098E9D /* Base */ = {isa = PBXFileReference; lastKnownFileType = file.storyboard; name = Base; path = LXLive/Base.lproj/Follow.storyboard; sourceTree = SOURCE_ROOT; };
		C1E2723C1E2F5B7D00098E9D /* Live.storyboard */ = {isa = PBXFileReference; fileEncoding = 4; lastKnownFileType = file.storyboard; path = Live.storyboard; sourceTree = "<group>"; };
		C1E272411E2F5B9200098E9D /* Profile.storyboard */ = {isa = PBXFileReference; fileEncoding = 4; lastKnownFileType = file.storyboard; path = Profile.storyboard; sourceTree = "<group>"; };
		C1E272461E2F5BAA00098E9D /* MainViewController.swift */ = {isa = PBXFileReference; fileEncoding = 4; lastKnownFileType = sourcecode.swift; path = MainViewController.swift; sourceTree = "<group>"; };
		C1E2724A1E2F5BDE00098E9D /* Main.storyboard */ = {isa = PBXFileReference; fileEncoding = 4; lastKnownFileType = file.storyboard; path = Main.storyboard; sourceTree = "<group>"; };
		C1E2724C1E2F620C00098E9D /* HomeViewController.swift */ = {isa = PBXFileReference; fileEncoding = 4; lastKnownFileType = sourcecode.swift; path = HomeViewController.swift; sourceTree = "<group>"; };
		C1F3CD181E5137A000CCD79E /* GameViewController.swift */ = {isa = PBXFileReference; fileEncoding = 4; lastKnownFileType = sourcecode.swift; path = GameViewController.swift; sourceTree = "<group>"; };
		CFC2FAF95F5AFBE694712AE7 /* Pods_LXLive.framework */ = {isa = PBXFileReference; explicitFileType = wrapper.framework; includeInIndex = 0; path = Pods_LXLive.framework; sourceTree = BUILT_PRODUCTS_DIR; };
/* End PBXFileReference section */

/* Begin PBXFrameworksBuildPhase section */
		C1E272051E2EFE7600098E9D /* Frameworks */ = {
			isa = PBXFrameworksBuildPhase;
			buildActionMask = 2147483647;
			files = (
				85C1F7DB1021013577871301 /* Pods_LXLive.framework in Frameworks */,
			);
			runOnlyForDeploymentPostprocessing = 0;
		};
/* End PBXFrameworksBuildPhase section */

/* Begin PBXGroup section */
		035ED4BBEF34670729419D52 /* Pods */ = {
			isa = PBXGroup;
			children = (
				9494F4491B11DD5D363E3E8A /* Pods-LXLive.debug.xcconfig */,
				912D0E866048B826F596A75C /* Pods-LXLive.release.xcconfig */,
			);
			name = Pods;
			sourceTree = "<group>";
		};
		C16ED0131E48BC6D00663CDD /* ViewModel */ = {
			isa = PBXGroup;
			children = (
				C16ED0141E48BC8400663CDD /* RecommendViewModel.swift */,
				C1991F4E1E5205C700C60DAF /* GameViewModel.swift */,
			);
			path = ViewModel;
			sourceTree = "<group>";
		};
		C1BD07DF1E4085C50036DF6D /* Extension */ = {
			isa = PBXGroup;
			children = (
				C1BD07E01E4085C50036DF6D /* UIBarButtonItem-Extension.swift */,
				C1BD07E81E408A6D0036DF6D /* UIColor-Extension.swift */,
				C16ED0161E48BCCA00663CDD /* NSDate-Extension.swift */,
			);
			path = Extension;
			sourceTree = "<group>";
		};
		C1E271FF1E2EFE7500098E9D = {
			isa = PBXGroup;
			children = (
				C1E2720A1E2EFE7600098E9D /* LXLive */,
				C1E272091E2EFE7600098E9D /* Products */,
				035ED4BBEF34670729419D52 /* Pods */,
				E6027CE09C39F7F6216FF9CB /* Frameworks */,
			);
			sourceTree = "<group>";
		};
		C1E272091E2EFE7600098E9D /* Products */ = {
			isa = PBXGroup;
			children = (
				C1E272081E2EFE7600098E9D /* LXLive.app */,
			);
			name = Products;
			sourceTree = "<group>";
		};
		C1E2720A1E2EFE7600098E9D /* LXLive */ = {
			isa = PBXGroup;
			children = (
				C1E2721D1E2F133700098E9D /* Classes */,
				C1E2720B1E2EFE7600098E9D /* AppDelegate.swift */,
				C1E272121E2EFE7600098E9D /* Assets.xcassets */,
				C1E272141E2EFE7600098E9D /* LaunchScreen.storyboard */,
				C1E272171E2EFE7600098E9D /* Info.plist */,
			);
			path = LXLive;
			sourceTree = "<group>";
		};
		C1E2721D1E2F133700098E9D /* Classes */ = {
			isa = PBXGroup;
			children = (
				C1E272211E2F133700098E9D /* Main */,
				C1E2721F1E2F133700098E9D /* Home */,
				C1E272201E2F133700098E9D /* Live */,
				C1E2721E1E2F133700098E9D /* Follow */,
				C1E272221E2F133700098E9D /* Profile */,
				C1E272231E2F133700098E9D /* Tools */,
			);
			path = Classes;
			sourceTree = "<group>";
		};
		C1E2721E1E2F133700098E9D /* Follow */ = {
			isa = PBXGroup;
			children = (
				C1E272351E2F5B6B00098E9D /* Controller */,
				C1E272361E2F5B6B00098E9D /* Model */,
				C1E272371E2F5B6B00098E9D /* View */,
			);
			path = Follow;
			sourceTree = "<group>";
		};
		C1E2721F1E2F133700098E9D /* Home */ = {
			isa = PBXGroup;
			children = (
				C16ED0131E48BC6D00663CDD /* ViewModel */,
				C1E2723A1E2F5B7100098E9D /* View */,
				C1E272391E2F5B7100098E9D /* Model */,
				C1E272381E2F5B7100098E9D /* Controller */,
			);
			path = Home;
			sourceTree = "<group>";
		};
		C1E272201E2F133700098E9D /* Live */ = {
			isa = PBXGroup;
			children = (
				C1E2723B1E2F5B7D00098E9D /* Controller */,
				C1E2723D1E2F5B7D00098E9D /* Model */,
				C1E2723E1E2F5B7D00098E9D /* View */,
			);
			path = Live;
			sourceTree = "<group>";
		};
		C1E272211E2F133700098E9D /* Main */ = {
			isa = PBXGroup;
			children = (
				C1E272471E2F5BAA00098E9D /* Model */,
				C1E272481E2F5BAA00098E9D /* View */,
				C1E272451E2F5BAA00098E9D /* Controller */,
			);
			path = Main;
			sourceTree = "<group>";
		};
		C1E272221E2F133700098E9D /* Profile */ = {
			isa = PBXGroup;
			children = (
				C1E272401E2F5B9200098E9D /* Controller */,
				C1E272421E2F5B9200098E9D /* Model */,
				C1E272431E2F5B9200098E9D /* View */,
			);
			path = Profile;
			sourceTree = "<group>";
		};
		C1E272231E2F133700098E9D /* Tools */ = {
			isa = PBXGroup;
			children = (
				C1BD07DF1E4085C50036DF6D /* Extension */,
				C1BD07E21E4085D00036DF6D /* Common.swift */,
				C184C5321E47F7FA00AD8FFD /* NetWorkTools.swift */,
			);
			path = Tools;
			sourceTree = "<group>";
		};
		C1E272351E2F5B6B00098E9D /* Controller */ = {
			isa = PBXGroup;
			children = (
				C1E272291E2F17E600098E9D /* Follow.storyboard */,
			);
			path = Controller;
			sourceTree = "<group>";
		};
		C1E272361E2F5B6B00098E9D /* Model */ = {
			isa = PBXGroup;
			children = (
			);
			path = Model;
			sourceTree = "<group>";
		};
		C1E272371E2F5B6B00098E9D /* View */ = {
			isa = PBXGroup;
			children = (
			);
			path = View;
			sourceTree = "<group>";
		};
		C1E272381E2F5B7100098E9D /* Controller */ = {
			isa = PBXGroup;
			children = (
				C1E272241E2F17BF00098E9D /* Home.storyboard */,
				C1E2724C1E2F620C00098E9D /* HomeViewController.swift */,
				C13E8CE91E441FE700CDC9CC /* RecommendViewController.swift */,
				C1F3CD181E5137A000CCD79E /* GameViewController.swift */,
			);
			path = Controller;
			sourceTree = "<group>";
		};
		C1E272391E2F5B7100098E9D /* Model */ = {
			isa = PBXGroup;
			children = (
				C17906071E4BFAAE00102F5A /* CycleModel.swift */,
				C1991F501E5205F800C60DAF /* GameModel.swift */,
			);
			path = Model;
			sourceTree = "<group>";
		};
		C1E2723A1E2F5B7100098E9D /* View */ = {
			isa = PBXGroup;
			children = (
				C184C5261E477DEC00AD8FFD /* CollectionHeaderView.swift */,
				C184C5271E477DEC00AD8FFD /* CollectionHeaderView.xib */,
				C17906091E4BFBEE00102F5A /* RecommendCycleView.swift */,
				C179060A1E4BFBEE00102F5A /* RecommendCycleView.xib */,
				C179060B1E4BFBEE00102F5A /* CollectionCycleCell.swift */,
				C179060C1E4BFBEE00102F5A /* CollectionCycleCell.xib */,
				C179079B1E4CC31300102F5A /* RecommendGameView.swift */,
				C179079C1E4CC31300102F5A /* RecommendGameView.xib */,
				C179079D1E4CC31300102F5A /* CollectionGameCell.swift */,
				C179079E1E4CC31300102F5A /* CollectionGameCell.xib */,
			);
			path = View;
			sourceTree = "<group>";
		};
		C1E2723B1E2F5B7D00098E9D /* Controller */ = {
			isa = PBXGroup;
			children = (
				C1E2723C1E2F5B7D00098E9D /* Live.storyboard */,
			);
			path = Controller;
			sourceTree = "<group>";
		};
		C1E2723D1E2F5B7D00098E9D /* Model */ = {
			isa = PBXGroup;
			children = (
			);
			path = Model;
			sourceTree = "<group>";
		};
		C1E2723E1E2F5B7D00098E9D /* View */ = {
			isa = PBXGroup;
			children = (
			);
			path = View;
			sourceTree = "<group>";
		};
		C1E272401E2F5B9200098E9D /* Controller */ = {
			isa = PBXGroup;
			children = (
				C1E272411E2F5B9200098E9D /* Profile.storyboard */,
			);
			path = Controller;
			sourceTree = "<group>";
		};
		C1E272421E2F5B9200098E9D /* Model */ = {
			isa = PBXGroup;
			children = (
			);
			path = Model;
			sourceTree = "<group>";
		};
		C1E272431E2F5B9200098E9D /* View */ = {
			isa = PBXGroup;
			children = (
			);
			path = View;
			sourceTree = "<group>";
		};
		C1E272451E2F5BAA00098E9D /* Controller */ = {
			isa = PBXGroup;
			children = (
				C1E272461E2F5BAA00098E9D /* MainViewController.swift */,
				C1E2724A1E2F5BDE00098E9D /* Main.storyboard */,
			);
			path = Controller;
			sourceTree = "<group>";
		};
		C1E272471E2F5BAA00098E9D /* Model */ = {
			isa = PBXGroup;
			children = (
				C16ED01A1E494B3800663CDD /* AnchorModel.swift */,
				C16ED0181E494B2F00663CDD /* AnchorGroup.swift */,
				C1991F521E52061100C60DAF /* BaseGameModel.swift */,
			);
			path = Model;
			sourceTree = "<group>";
		};
		C1E272481E2F5BAA00098E9D /* View */ = {
			isa = PBXGroup;
			children = (
				C1BD07E41E4086F40036DF6D /* PageTitleView.swift */,
				C13E8CE71E4216B400CDC9CC /* PageContentView.swift */,
				C184C52A1E477FFB00AD8FFD /* CollectionNormalCell.swift */,
				C184C52B1E477FFB00AD8FFD /* CollectionNormalCell.xib */,
				C184C52C1E477FFB00AD8FFD /* CollectionPrettyCell.swift */,
				C184C52D1E477FFB00AD8FFD /* CollectionPrettyCell.xib */,
				C16ED01C1E4951AF00663CDD /* CollectionViewBaseCell.swift */,
			);
			path = View;
			sourceTree = "<group>";
		};
		E6027CE09C39F7F6216FF9CB /* Frameworks */ = {
			isa = PBXGroup;
			children = (
				CFC2FAF95F5AFBE694712AE7 /* Pods_LXLive.framework */,
			);
			name = Frameworks;
			sourceTree = "<group>";
		};
/* End PBXGroup section */

/* Begin PBXNativeTarget section */
		C1E272071E2EFE7600098E9D /* LXLive */ = {
			isa = PBXNativeTarget;
			buildConfigurationList = C1E2721A1E2EFE7600098E9D /* Build configuration list for PBXNativeTarget "LXLive" */;
			buildPhases = (
				B0C3EA6C8BEA96F6B64055BE /* [CP] Check Pods Manifest.lock */,
				C1E272041E2EFE7600098E9D /* Sources */,
				C1E272051E2EFE7600098E9D /* Frameworks */,
				C1E272061E2EFE7600098E9D /* Resources */,
				A4FB2708F32293F7D96D323B /* [CP] Embed Pods Frameworks */,
				FAECDEA75E2DC75D692F27A0 /* [CP] Copy Pods Resources */,
			);
			buildRules = (
			);
			dependencies = (
			);
			name = LXLive;
			productName = LXLive;
			productReference = C1E272081E2EFE7600098E9D /* LXLive.app */;
			productType = "com.apple.product-type.application";
		};
/* End PBXNativeTarget section */

/* Begin PBXProject section */
		C1E272001E2EFE7500098E9D /* Project object */ = {
			isa = PBXProject;
			attributes = {
				LastSwiftUpdateCheck = 0820;
				LastUpgradeCheck = 0820;
				ORGANIZATIONNAME = pxl;
				TargetAttributes = {
					C1E272071E2EFE7600098E9D = {
						CreatedOnToolsVersion = 8.2.1;
						DevelopmentTeam = QD82P77WSG;
						ProvisioningStyle = Automatic;
					};
				};
			};
			buildConfigurationList = C1E272031E2EFE7500098E9D /* Build configuration list for PBXProject "LXLive" */;
			compatibilityVersion = "Xcode 3.2";
			developmentRegion = English;
			hasScannedForEncodings = 0;
			knownRegions = (
				en,
				Base,
			);
			mainGroup = C1E271FF1E2EFE7500098E9D;
			productRefGroup = C1E272091E2EFE7600098E9D /* Products */;
			projectDirPath = "";
			projectRoot = "";
			targets = (
				C1E272071E2EFE7600098E9D /* LXLive */,
			);
		};
/* End PBXProject section */

/* Begin PBXResourcesBuildPhase section */
		C1E272061E2EFE7600098E9D /* Resources */ = {
			isa = PBXResourcesBuildPhase;
			buildActionMask = 2147483647;
			files = (
				C1E272161E2EFE7600098E9D /* LaunchScreen.storyboard in Resources */,
				C184C5291E477DEC00AD8FFD /* CollectionHeaderView.xib in Resources */,
				C184C52F1E477FFB00AD8FFD /* CollectionNormalCell.xib in Resources */,
				C1E272131E2EFE7600098E9D /* Assets.xcassets in Resources */,
				C1E272441E2F5B9200098E9D /* Profile.storyboard in Resources */,
				C1E2724B1E2F5BDE00098E9D /* Main.storyboard in Resources */,
				C1E272261E2F17BF00098E9D /* Home.storyboard in Resources */,
				C17907A21E4CC31300102F5A /* CollectionGameCell.xib in Resources */,
				C179060E1E4BFBEE00102F5A /* RecommendCycleView.xib in Resources */,
				C17906101E4BFBEE00102F5A /* CollectionCycleCell.xib in Resources */,
				C184C5311E477FFB00AD8FFD /* CollectionPrettyCell.xib in Resources */,
				C1E2722B1E2F17E600098E9D /* Follow.storyboard in Resources */,
				C17907A01E4CC31300102F5A /* RecommendGameView.xib in Resources */,
				C1E2723F1E2F5B7D00098E9D /* Live.storyboard in Resources */,
			);
			runOnlyForDeploymentPostprocessing = 0;
		};
/* End PBXResourcesBuildPhase section */

/* Begin PBXShellScriptBuildPhase section */
		A4FB2708F32293F7D96D323B /* [CP] Embed Pods Frameworks */ = {
			isa = PBXShellScriptBuildPhase;
			buildActionMask = 2147483647;
			files = (
			);
			inputPaths = (
			);
			name = "[CP] Embed Pods Frameworks";
			outputPaths = (
			);
			runOnlyForDeploymentPostprocessing = 0;
			shellPath = /bin/sh;
			shellScript = "\"${SRCROOT}/Pods/Target Support Files/Pods-LXLive/Pods-LXLive-frameworks.sh\"\n";
			showEnvVarsInLog = 0;
		};
		B0C3EA6C8BEA96F6B64055BE /* [CP] Check Pods Manifest.lock */ = {
			isa = PBXShellScriptBuildPhase;
			buildActionMask = 2147483647;
			files = (
			);
			inputPaths = (
			);
			name = "[CP] Check Pods Manifest.lock";
			outputPaths = (
			);
			runOnlyForDeploymentPostprocessing = 0;
			shellPath = /bin/sh;
			shellScript = "diff \"${PODS_ROOT}/../Podfile.lock\" \"${PODS_ROOT}/Manifest.lock\" > /dev/null\nif [ $? != 0 ] ; then\n    # print error to STDERR\n    echo \"error: The sandbox is not in sync with the Podfile.lock. Run 'pod install' or update your CocoaPods installation.\" >&2\n    exit 1\nfi\n";
			showEnvVarsInLog = 0;
		};
		FAECDEA75E2DC75D692F27A0 /* [CP] Copy Pods Resources */ = {
			isa = PBXShellScriptBuildPhase;
			buildActionMask = 2147483647;
			files = (
			);
			inputPaths = (
			);
			name = "[CP] Copy Pods Resources";
			outputPaths = (
			);
			runOnlyForDeploymentPostprocessing = 0;
			shellPath = /bin/sh;
			shellScript = "\"${SRCROOT}/Pods/Target Support Files/Pods-LXLive/Pods-LXLive-resources.sh\"\n";
			showEnvVarsInLog = 0;
		};
/* End PBXShellScriptBuildPhase section */

/* Begin PBXSourcesBuildPhase section */
		C1E272041E2EFE7600098E9D /* Sources */ = {
			isa = PBXSourcesBuildPhase;
			buildActionMask = 2147483647;
			files = (
				C1BD07E51E4086F40036DF6D /* PageTitleView.swift in Sources */,
				C184C5281E477DEC00AD8FFD /* CollectionHeaderView.swift in Sources */,
				C1BD07E11E4085C50036DF6D /* UIBarButtonItem-Extension.swift in Sources */,
				C1991F4F1E5205C700C60DAF /* GameViewModel.swift in Sources */,
				C13E8CEA1E441FE700CDC9CC /* RecommendViewController.swift in Sources */,
				C1F3CD191E5137A000CCD79E /* GameViewController.swift in Sources */,
				C16ED0191E494B2F00663CDD /* AnchorGroup.swift in Sources */,
				C1E2720C1E2EFE7600098E9D /* AppDelegate.swift in Sources */,
				C184C5331E47F7FA00AD8FFD /* NetWorkTools.swift in Sources */,
				C13E8CE81E4216B400CDC9CC /* PageContentView.swift in Sources */,
				C179060F1E4BFBEE00102F5A /* CollectionCycleCell.swift in Sources */,
				C1991F511E5205F800C60DAF /* GameModel.swift in Sources */,
				C1991F531E52061100C60DAF /* BaseGameModel.swift in Sources */,
				C1E272491E2F5BAA00098E9D /* MainViewController.swift in Sources */,
				C16ED01D1E4951AF00663CDD /* CollectionViewBaseCell.swift in Sources */,
				C1BD07E31E4085D00036DF6D /* Common.swift in Sources */,
				C1BD07E91E408A6D0036DF6D /* UIColor-Extension.swift in Sources */,
				C179079F1E4CC31300102F5A /* RecommendGameView.swift in Sources */,
				C16ED0171E48BCCA00663CDD /* NSDate-Extension.swift in Sources */,
				C184C5301E477FFB00AD8FFD /* CollectionPrettyCell.swift in Sources */,
				C17906081E4BFAAE00102F5A /* CycleModel.swift in Sources */,
				C184C52E1E477FFB00AD8FFD /* CollectionNormalCell.swift in Sources */,
				C17907A11E4CC31300102F5A /* CollectionGameCell.swift in Sources */,
				C179060D1E4BFBEE00102F5A /* RecommendCycleView.swift in Sources */,
				C1E2724D1E2F620C00098E9D /* HomeViewController.swift in Sources */,
				C16ED0151E48BC8400663CDD /* RecommendViewModel.swift in Sources */,
				C16ED01B1E494B3800663CDD /* AnchorModel.swift in Sources */,
			);
			runOnlyForDeploymentPostprocessing = 0;
		};
/* End PBXSourcesBuildPhase section */

/* Begin PBXVariantGroup section */
		C1E272141E2EFE7600098E9D /* LaunchScreen.storyboard */ = {
			isa = PBXVariantGroup;
			children = (
				C1E272151E2EFE7600098E9D /* Base */,
			);
			name = LaunchScreen.storyboard;
			sourceTree = "<group>";
		};
		C1E272241E2F17BF00098E9D /* Home.storyboard */ = {
			isa = PBXVariantGroup;
			children = (
				C1E272251E2F17BF00098E9D /* Base */,
			);
			name = Home.storyboard;
			path = ../../Main;
			sourceTree = "<group>";
		};
		C1E272291E2F17E600098E9D /* Follow.storyboard */ = {
			isa = PBXVariantGroup;
			children = (
				C1E2722A1E2F17E600098E9D /* Base */,
			);
			name = Follow.storyboard;
			path = ../../Main;
			sourceTree = "<group>";
		};
/* End PBXVariantGroup section */

/* Begin XCBuildConfiguration section */
		C1E272181E2EFE7600098E9D /* Debug */ = {
			isa = XCBuildConfiguration;
			buildSettings = {
				ALWAYS_SEARCH_USER_PATHS = NO;
				CLANG_ANALYZER_NONNULL = YES;
				CLANG_CXX_LANGUAGE_STANDARD = "gnu++0x";
				CLANG_CXX_LIBRARY = "libc++";
				CLANG_ENABLE_MODULES = YES;
				CLANG_ENABLE_OBJC_ARC = YES;
				CLANG_WARN_BOOL_CONVERSION = YES;
				CLANG_WARN_CONSTANT_CONVERSION = YES;
				CLANG_WARN_DIRECT_OBJC_ISA_USAGE = YES_ERROR;
				CLANG_WARN_DOCUMENTATION_COMMENTS = YES;
				CLANG_WARN_EMPTY_BODY = YES;
				CLANG_WARN_ENUM_CONVERSION = YES;
				CLANG_WARN_INFINITE_RECURSION = YES;
				CLANG_WARN_INT_CONVERSION = YES;
				CLANG_WARN_OBJC_ROOT_CLASS = YES_ERROR;
				CLANG_WARN_SUSPICIOUS_MOVE = YES;
				CLANG_WARN_UNREACHABLE_CODE = YES;
				CLANG_WARN__DUPLICATE_METHOD_MATCH = YES;
				"CODE_SIGN_IDENTITY[sdk=iphoneos*]" = "iPhone Developer";
				COPY_PHASE_STRIP = NO;
				DEBUG_INFORMATION_FORMAT = dwarf;
				ENABLE_STRICT_OBJC_MSGSEND = YES;
				ENABLE_TESTABILITY = YES;
				GCC_C_LANGUAGE_STANDARD = gnu99;
				GCC_DYNAMIC_NO_PIC = NO;
				GCC_NO_COMMON_BLOCKS = YES;
				GCC_OPTIMIZATION_LEVEL = 0;
				GCC_PREPROCESSOR_DEFINITIONS = (
					"DEBUG=1",
					"$(inherited)",
				);
				GCC_WARN_64_TO_32_BIT_CONVERSION = YES;
				GCC_WARN_ABOUT_RETURN_TYPE = YES_ERROR;
				GCC_WARN_UNDECLARED_SELECTOR = YES;
				GCC_WARN_UNINITIALIZED_AUTOS = YES_AGGRESSIVE;
				GCC_WARN_UNUSED_FUNCTION = YES;
				GCC_WARN_UNUSED_VARIABLE = YES;
				IPHONEOS_DEPLOYMENT_TARGET = 10.2;
				MTL_ENABLE_DEBUG_INFO = YES;
				ONLY_ACTIVE_ARCH = YES;
				SDKROOT = iphoneos;
				SWIFT_ACTIVE_COMPILATION_CONDITIONS = DEBUG;
				SWIFT_OPTIMIZATION_LEVEL = "-Onone";
			};
			name = Debug;
		};
		C1E272191E2EFE7600098E9D /* Release */ = {
			isa = XCBuildConfiguration;
			buildSettings = {
				ALWAYS_SEARCH_USER_PATHS = NO;
				CLANG_ANALYZER_NONNULL = YES;
				CLANG_CXX_LANGUAGE_STANDARD = "gnu++0x";
				CLANG_CXX_LIBRARY = "libc++";
				CLANG_ENABLE_MODULES = YES;
				CLANG_ENABLE_OBJC_ARC = YES;
				CLANG_WARN_BOOL_CONVERSION = YES;
				CLANG_WARN_CONSTANT_CONVERSION = YES;
				CLANG_WARN_DIRECT_OBJC_ISA_USAGE = YES_ERROR;
				CLANG_WARN_DOCUMENTATION_COMMENTS = YES;
				CLANG_WARN_EMPTY_BODY = YES;
				CLANG_WARN_ENUM_CONVERSION = YES;
				CLANG_WARN_INFINITE_RECURSION = YES;
				CLANG_WARN_INT_CONVERSION = YES;
				CLANG_WARN_OBJC_ROOT_CLASS = YES_ERROR;
				CLANG_WARN_SUSPICIOUS_MOVE = YES;
				CLANG_WARN_UNREACHABLE_CODE = YES;
				CLANG_WARN__DUPLICATE_METHOD_MATCH = YES;
				"CODE_SIGN_IDENTITY[sdk=iphoneos*]" = "iPhone Developer";
				COPY_PHASE_STRIP = NO;
				DEBUG_INFORMATION_FORMAT = "dwarf-with-dsym";
				ENABLE_NS_ASSERTIONS = NO;
				ENABLE_STRICT_OBJC_MSGSEND = YES;
				GCC_C_LANGUAGE_STANDARD = gnu99;
				GCC_NO_COMMON_BLOCKS = YES;
				GCC_WARN_64_TO_32_BIT_CONVERSION = YES;
				GCC_WARN_ABOUT_RETURN_TYPE = YES_ERROR;
				GCC_WARN_UNDECLARED_SELECTOR = YES;
				GCC_WARN_UNINITIALIZED_AUTOS = YES_AGGRESSIVE;
				GCC_WARN_UNUSED_FUNCTION = YES;
				GCC_WARN_UNUSED_VARIABLE = YES;
				IPHONEOS_DEPLOYMENT_TARGET = 10.2;
				MTL_ENABLE_DEBUG_INFO = NO;
				SDKROOT = iphoneos;
				SWIFT_OPTIMIZATION_LEVEL = "-Owholemodule";
				VALIDATE_PRODUCT = YES;
			};
			name = Release;
		};
		C1E2721B1E2EFE7600098E9D /* Debug */ = {
			isa = XCBuildConfiguration;
			baseConfigurationReference = 9494F4491B11DD5D363E3E8A /* Pods-LXLive.debug.xcconfig */;
			buildSettings = {
				ASSETCATALOG_COMPILER_APPICON_NAME = AppIcon;
				ASSETCATALOG_COMPILER_LAUNCHIMAGE_NAME = LaunchImage;
				DEVELOPMENT_TEAM = QD82P77WSG;
				INFOPLIST_FILE = LXLive/Info.plist;
				IPHONEOS_DEPLOYMENT_TARGET = 10.0;
				LD_RUNPATH_SEARCH_PATHS = "$(inherited) @executable_path/Frameworks";
				PRODUCT_BUNDLE_IDENTIFIER = com.rocfly.LXLive;
				PRODUCT_NAME = "$(TARGET_NAME)";
				SWIFT_VERSION = 3.0;
			};
			name = Debug;
		};
		C1E2721C1E2EFE7600098E9D /* Release */ = {
			isa = XCBuildConfiguration;
			baseConfigurationReference = 912D0E866048B826F596A75C /* Pods-LXLive.release.xcconfig */;
			buildSettings = {
				ASSETCATALOG_COMPILER_APPICON_NAME = AppIcon;
				ASSETCATALOG_COMPILER_LAUNCHIMAGE_NAME = LaunchImage;
				DEVELOPMENT_TEAM = QD82P77WSG;
				INFOPLIST_FILE = LXLive/Info.plist;
				IPHONEOS_DEPLOYMENT_TARGET = 10.0;
				LD_RUNPATH_SEARCH_PATHS = "$(inherited) @executable_path/Frameworks";
				PRODUCT_BUNDLE_IDENTIFIER = com.rocfly.LXLive;
				PRODUCT_NAME = "$(TARGET_NAME)";
				SWIFT_VERSION = 3.0;
			};
			name = Release;
		};
/* End XCBuildConfiguration section */

/* Begin XCConfigurationList section */
		C1E272031E2EFE7500098E9D /* Build configuration list for PBXProject "LXLive" */ = {
			isa = XCConfigurationList;
			buildConfigurations = (
				C1E272181E2EFE7600098E9D /* Debug */,
				C1E272191E2EFE7600098E9D /* Release */,
			);
			defaultConfigurationIsVisible = 0;
			defaultConfigurationName = Release;
		};
		C1E2721A1E2EFE7600098E9D /* Build configuration list for PBXNativeTarget "LXLive" */ = {
			isa = XCConfigurationList;
			buildConfigurations = (
				C1E2721B1E2EFE7600098E9D /* Debug */,
				C1E2721C1E2EFE7600098E9D /* Release */,
			);
			defaultConfigurationIsVisible = 0;
			defaultConfigurationName = Release;
		};
/* End XCConfigurationList section */
	};
	rootObject = C1E272001E2EFE7500098E9D /* Project object */;
}
